
Microsoft Visual Studio Solution File, Format Version 12.00
# Visual Studio Version 17
VisualStudioVersion = 17.11.35303.130
MinimumVisualStudioVersion = 10.0.40219.1
Project("{FAE04EC0-301F-11D3-BF4B-00C04F79EFBC}") = "CarServiceApp", "CarServiceApp\CarServiceApp.csproj", "{AB1E6CE7-357D-48DC-98EF-7EE7DC6EEBD8}"
EndProject
Global
	GlobalSection(SolutionConfigurationPlatforms) = preSolution
		Debug|Any CPU = Debug|Any CPU
		Release|Any CPU = Release|Any CPU
	EndGlobalSection
	GlobalSection(ProjectConfigurationPlatforms) = postSolution
		{AB1E6CE7-357D-48DC-98EF-7EE7DC6EEBD8}.Debug|Any CPU.ActiveCfg = Debug|Any CPU
		{AB1E6CE7-357D-48DC-98EF-7EE7DC6EEBD8}.Debug|Any CPU.Build.0 = Debug|Any CPU
		{AB1E6CE7-357D-48DC-98EF-7EE7DC6EEBD8}.Release|Any CPU.ActiveCfg = Release|Any CPU
		{AB1E6CE7-357D-48DC-98EF-7EE7DC6EEBD8}.Release|Any CPU.Build.0 = Release|Any CPU
	EndGlobalSection
	GlobalSection(SolutionProperties) = preSolution
		HideSolutionNode = FALSE
	EndGlobalSection
	GlobalSection(ExtensibilityGlobals) = postSolution
		SolutionGuid = {1CACEEAF-1AAD-4B4A-AD12-C766DC0F3684}
	EndGlobalSection
EndGlobal
