
Microsoft Visual Studio Solution File, Format Version 12.00
# Visual Studio Version 17
VisualStudioVersion = 17.11.35303.130
MinimumVisualStudioVersion = 10.0.40219.1
Project("{FAE04EC0-301F-11D3-BF4B-00C04F79EFBC}") = "CarServiceServer", "CarServiceServer\CarServiceServer.csproj", "{55601A34-0367-4A86-A41F-753608F35A74}"
EndProject
Global
	GlobalSection(SolutionConfigurationPlatforms) = preSolution
		Debug|Any CPU = Debug|Any CPU
		Release|Any CPU = Release|Any CPU
	EndGlobalSection
	GlobalSection(ProjectConfigurationPlatforms) = postSolution
		{55601A34-0367-4A86-A41F-753608F35A74}.Debug|Any CPU.ActiveCfg = Debug|Any CPU
		{55601A34-0367-4A86-A41F-753608F35A74}.Debug|Any CPU.Build.0 = Debug|Any CPU
		{55601A34-0367-4A86-A41F-753608F35A74}.Release|Any CPU.ActiveCfg = Release|Any CPU
		{55601A34-0367-4A86-A41F-753608F35A74}.Release|Any CPU.Build.0 = Release|Any CPU
	EndGlobalSection
	GlobalSection(SolutionProperties) = preSolution
		HideSolutionNode = FALSE
	EndGlobalSection
	GlobalSection(ExtensibilityGlobals) = postSolution
		SolutionGuid = {85331144-7CE6-4314-A5D0-32146D33207C}
	EndGlobalSection
EndGlobal
